// !$*UTF8*$!
{
	archiveVersion = 1;
	classes = {
	};
	objectVersion = 50;
	objects = {

/* Begin PBXBuildFile section */
		B75ECDB4212E79B600D7CCEB /* AppDelegate.m in Sources */ = {isa = PBXBuildFile; fileRef = B75ECDB3212E79B600D7CCEB /* AppDelegate.m */; };
		B75ECDB7212E79B600D7CCEB /* ViewController.m in Sources */ = {isa = PBXBuildFile; fileRef = B75ECDB6212E79B600D7CCEB /* ViewController.m */; };
		B75ECDBA212E79B600D7CCEB /* Main.storyboard in Resources */ = {isa = PBXBuildFile; fileRef = B75ECDB8212E79B600D7CCEB /* Main.storyboard */; };
		B75ECDBC212E79B800D7CCEB /* Assets.xcassets in Resources */ = {isa = PBXBuildFile; fileRef = B75ECDBB212E79B800D7CCEB /* Assets.xcassets */; };
		B75ECDBF212E79B800D7CCEB /* LaunchScreen.storyboard in Resources */ = {isa = PBXBuildFile; fileRef = B75ECDBD212E79B800D7CCEB /* LaunchScreen.storyboard */; };
		B75ECDC2212E79B800D7CCEB /* main.m in Sources */ = {isa = PBXBuildFile; fileRef = B75ECDC1212E79B800D7CCEB /* main.m */; };
		B75ECDCA212E7A1F00D7CCEB /* RGPopoverTextView.m in Sources */ = {isa = PBXBuildFile; fileRef = B75ECDC9212E7A1F00D7CCEB /* RGPopoverTextView.m */; };
/* End PBXBuildFile section */

/* Begin PBXFileReference section */
		B75ECDAF212E79B600D7CCEB /* RGPopoverTextView.app */ = {isa = PBXFileReference; explicitFileType = wrapper.application; includeInIndex = 0; path = RGPopoverTextView.app; sourceTree = BUILT_PRODUCTS_DIR; };
		B75ECDB2212E79B600D7CCEB /* AppDelegate.h */ = {isa = PBXFileReference; lastKnownFileType = sourcecode.c.h; path = AppDelegate.h; sourceTree = "<group>"; };
		B75ECDB3212E79B600D7CCEB /* AppDelegate.m */ = {isa = PBXFileReference; lastKnownFileType = sourcecode.c.objc; path = AppDelegate.m; sourceTree = "<group>"; };
		B75ECDB5212E79B600D7CCEB /* ViewController.h */ = {isa = PBXFileReference; lastKnownFileType = sourcecode.c.h; path = ViewController.h; sourceTree = "<group>"; };
		B75ECDB6212E79B600D7CCEB /* ViewController.m */ = {isa = PBXFileReference; lastKnownFileType = sourcecode.c.objc; path = ViewController.m; sourceTree = "<group>"; };
		B75ECDB9212E79B600D7CCEB /* Base */ = {isa = PBXFileReference; lastKnownFileType = file.storyboard; name = Base; path = Base.lproj/Main.storyboard; sourceTree = "<group>"; };
		B75ECDBB212E79B800D7CCEB /* Assets.xcassets */ = {isa = PBXFileReference; lastKnownFileType = folder.assetcatalog; path = Assets.xcassets; sourceTree = "<group>"; };
		B75ECDBE212E79B800D7CCEB /* Base */ = {isa = PBXFileReference; lastKnownFileType = file.storyboard; name = Base; path = Base.lproj/LaunchScreen.storyboard; sourceTree = "<group>"; };
		B75ECDC0212E79B800D7CCEB /* Info.plist */ = {isa = PBXFileReference; lastKnownFileType = text.plist.xml; path = Info.plist; sourceTree = "<group>"; };
		B75ECDC1212E79B800D7CCEB /* main.m */ = {isa = PBXFileReference; lastKnownFileType = sourcecode.c.objc; path = main.m; sourceTree = "<group>"; };
		B75ECDC8212E7A1F00D7CCEB /* RGPopoverTextView.h */ = {isa = PBXFileReference; lastKnownFileType = sourcecode.c.h; path = RGPopoverTextView.h; sourceTree = "<group>"; };
		B75ECDC9212E7A1F00D7CCEB /* RGPopoverTextView.m */ = {isa = PBXFileReference; lastKnownFileType = sourcecode.c.objc; path = RGPopoverTextView.m; sourceTree = "<group>"; };
/* End PBXFileReference section */

/* Begin PBXFrameworksBuildPhase section */
		B75ECDAC212E79B600D7CCEB /* Frameworks */ = {
			isa = PBXFrameworksBuildPhase;
			buildActionMask = 2147483647;
			files = (
			);
			runOnlyForDeploymentPostprocessing = 0;
		};
/* End PBXFrameworksBuildPhase section */

/* Begin PBXGroup section */
		B75ECDA6212E79B600D7CCEB = {
			isa = PBXGroup;
			children = (
				B75ECDB1212E79B600D7CCEB /* RGPopoverTextView */,
				B75ECDB0212E79B600D7CCEB /* Products */,
			);
			sourceTree = "<group>";
		};
		B75ECDB0212E79B600D7CCEB /* Products */ = {
			isa = PBXGroup;
			children = (
				B75ECDAF212E79B600D7CCEB /* RGPopoverTextView.app */,
			);
			name = Products;
			sourceTree = "<group>";
		};
		B75ECDB1212E79B600D7CCEB /* RGPopoverTextView */ = {
			isa = PBXGroup;
			children = (
				B7C0BF522137B3FA00990D73 /* RGPopoverTextView */,
				B75ECDB2212E79B600D7CCEB /* AppDelegate.h */,
				B75ECDB3212E79B600D7CCEB /* AppDelegate.m */,
				B75ECDB5212E79B600D7CCEB /* ViewController.h */,
				B75ECDB6212E79B600D7CCEB /* ViewController.m */,
				B75ECDB8212E79B600D7CCEB /* Main.storyboard */,
				B75ECDBB212E79B800D7CCEB /* Assets.xcassets */,
				B75ECDBD212E79B800D7CCEB /* LaunchScreen.storyboard */,
				B75ECDC0212E79B800D7CCEB /* Info.plist */,
				B75ECDC1212E79B800D7CCEB /* main.m */,
			);
			path = RGPopoverTextView;
			sourceTree = "<group>";
		};
		B7C0BF522137B3FA00990D73 /* RGPopoverTextView */ = {
			isa = PBXGroup;
			children = (
				B75ECDC8212E7A1F00D7CCEB /* RGPopoverTextView.h */,
				B75ECDC9212E7A1F00D7CCEB /* RGPopoverTextView.m */,
			);
			path = RGPopoverTextView;
			sourceTree = "<group>";
		};
/* End PBXGroup section */

/* Begin PBXNativeTarget section */
		B75ECDAE212E79B600D7CCEB /* RGPopoverTextView */ = {
			isa = PBXNativeTarget;
			buildConfigurationList = B75ECDC5212E79B800D7CCEB /* Build configuration list for PBXNativeTarget "RGPopoverTextView" */;
			buildPhases = (
				B75ECDAB212E79B600D7CCEB /* Sources */,
				B75ECDAC212E79B600D7CCEB /* Frameworks */,
				B75ECDAD212E79B600D7CCEB /* Resources */,
			);
			buildRules = (
			);
			dependencies = (
			);
			name = RGPopoverTextView;
			productName = RGPopoverTextView;
			productReference = B75ECDAF212E79B600D7CCEB /* RGPopoverTextView.app */;
			productType = "com.apple.product-type.application";
		};
/* End PBXNativeTarget section */

/* Begin PBXProject section */
		B75ECDA7212E79B600D7CCEB /* Project object */ = {
			isa = PBXProject;
			attributes = {
				LastUpgradeCheck = 0940;
				ORGANIZATIONNAME = Rain;
				TargetAttributes = {
					B75ECDAE212E79B600D7CCEB = {
						CreatedOnToolsVersion = 9.4.1;
					};
				};
			};
			buildConfigurationList = B75ECDAA212E79B600D7CCEB /* Build configuration list for PBXProject "RGPopoverTextView" */;
			compatibilityVersion = "Xcode 9.3";
			developmentRegion = en;
			hasScannedForEncodings = 0;
			knownRegions = (
				en,
				Base,
			);
			mainGroup = B75ECDA6212E79B600D7CCEB;
			productRefGroup = B75ECDB0212E79B600D7CCEB /* Products */;
			projectDirPath = "";
			projectRoot = "";
			targets = (
				B75ECDAE212E79B600D7CCEB /* RGPopoverTextView */,
			);
		};
/* End PBXProject section */

/* Begin PBXResourcesBuildPhase section */
		B75ECDAD212E79B600D7CCEB /* Resources */ = {
			isa = PBXResourcesBuildPhase;
			buildActionMask = 2147483647;
			files = (
				B75ECDBF212E79B800D7CCEB /* LaunchScreen.storyboard in Resources */,
				B75ECDBC212E79B800D7CCEB /* Assets.xcassets in Resources */,
				B75ECDBA212E79B600D7CCEB /* Main.storyboard in Resources */,
			);
			runOnlyForDeploymentPostprocessing = 0;
		};
/* End PBXResourcesBuildPhase section */

/* Begin PBXSourcesBuildPhase section */
		B75ECDAB212E79B600D7CCEB /* Sources */ = {
			isa = PBXSourcesBuildPhase;
			buildActionMask = 2147483647;
			files = (
				B75ECDB7212E79B600D7CCEB /* ViewController.m in Sources */,
				B75ECDC2212E79B800D7CCEB /* main.m in Sources */,
				B75ECDCA212E7A1F00D7CCEB /* RGPopoverTextView.m in Sources */,
				B75ECDB4212E79B600D7CCEB /* AppDelegate.m in Sources */,
			);
			runOnlyForDeploymentPostprocessing = 0;
		};
/* End PBXSourcesBuildPhase section */

/* Begin PBXVariantGroup section */
		B75ECDB8212E79B600D7CCEB /* Main.storyboard */ = {
			isa = PBXVariantGroup;
			children = (
				B75ECDB9212E79B600D7CCEB /* Base */,
			);
			name = Main.storyboard;
			sourceTree = "<group>";
		};
		B75ECDBD212E79B800D7CCEB /* LaunchScreen.storyboard */ = {
			isa = PBXVariantGroup;
			children = (
				B75ECDBE212E79B800D7CCEB /* Base */,
			);
			name = LaunchScreen.storyboard;
			sourceTree = "<group>";
		};
/* End PBXVariantGroup section */

/* Begin XCBuildConfiguration section */
		B75ECDC3212E79B800D7CCEB /* Debug */ = {
			isa = XCBuildConfiguration;
			buildSettings = {
				ALWAYS_SEARCH_USER_PATHS = NO;
				CLANG_ANALYZER_NONNULL = YES;
				CLANG_ANALYZER_NUMBER_OBJECT_CONVERSION = YES_AGGRESSIVE;
				CLANG_CXX_LANGUAGE_STANDARD = "gnu++14";
				CLANG_CXX_LIBRARY = "libc++";
				CLANG_ENABLE_MODULES = YES;
				CLANG_ENABLE_OBJC_ARC = YES;
				CLANG_ENABLE_OBJC_WEAK = YES;
				CLANG_WARN_BLOCK_CAPTURE_AUTORELEASING = YES;
				CLANG_WARN_BOOL_CONVERSION = YES;
				CLANG_WARN_COMMA = YES;
				CLANG_WARN_CONSTANT_CONVERSION = YES;
				CLANG_WARN_DEPRECATED_OBJC_IMPLEMENTATIONS = YES;
				CLANG_WARN_DIRECT_OBJC_ISA_USAGE = YES_ERROR;
				CLANG_WARN_DOCUMENTATION_COMMENTS = YES;
				CLANG_WARN_EMPTY_BODY = YES;
				CLANG_WARN_ENUM_CONVERSION = YES;
				CLANG_WARN_INFINITE_RECURSION = YES;
				CLANG_WARN_INT_CONVERSION = YES;
				CLANG_WARN_NON_LITERAL_NULL_CONVERSION = YES;
				CLANG_WARN_OBJC_IMPLICIT_RETAIN_SELF = YES;
				CLANG_WARN_OBJC_LITERAL_CONVERSION = YES;
				CLANG_WARN_OBJC_ROOT_CLASS = YES_ERROR;
				CLANG_WARN_RANGE_LOOP_ANALYSIS = YES;
				CLANG_WARN_STRICT_PROTOTYPES = YES;
				CLANG_WARN_SUSPICIOUS_MOVE = YES;
				CLANG_WARN_UNGUARDED_AVAILABILITY = YES_AGGRESSIVE;
				CLANG_WARN_UNREACHABLE_CODE = YES;
				CLANG_WARN__DUPLICATE_METHOD_MATCH = YES;
				CODE_SIGN_IDENTITY = "iPhone Developer";
				COPY_PHASE_STRIP = NO;
				DEBUG_INFORMATION_FORMAT = dwarf;
				ENABLE_STRICT_OBJC_MSGSEND = YES;
				ENABLE_TESTABILITY = YES;
				GCC_C_LANGUAGE_STANDARD = gnu11;
				GCC_DYNAMIC_NO_PIC = NO;
				GCC_NO_COMMON_BLOCKS = YES;
				GCC_OPTIMIZATION_LEVEL = 0;
				GCC_PREPROCESSOR_DEFINITIONS = (
					"DEBUG=1",
					"$(inherited)",
				);
				GCC_WARN_64_TO_32_BIT_CONVERSION = YES;
				GCC_WARN_ABOUT_RETURN_TYPE = YES_ERROR;
				GCC_WARN_UNDECLARED_SELECTOR = YES;
				GCC_WARN_UNINITIALIZED_AUTOS = YES_AGGRESSIVE;
				GCC_WARN_UNUSED_FUNCTION = YES;
				GCC_WARN_UNUSED_VARIABLE = YES;
				IPHONEOS_DEPLOYMENT_TARGET = 11.4;
				MTL_ENABLE_DEBUG_INFO = YES;
				ONLY_ACTIVE_ARCH = YES;
				SDKROOT = iphoneos;
			};
			name = Debug;
		};
		B75ECDC4212E79B800D7CCEB /* Release */ = {
			isa = XCBuildConfiguration;
			buildSettings = {
				ALWAYS_SEARCH_USER_PATHS = NO;
				CLANG_ANALYZER_NONNULL = YES;
				CLANG_ANALYZER_NUMBER_OBJECT_CONVERSION = YES_AGGRESSIVE;
				CLANG_CXX_LANGUAGE_STANDARD = "gnu++14";
				CLANG_CXX_LIBRARY = "libc++";
				CLANG_ENABLE_MODULES = YES;
				CLANG_ENABLE_OBJC_ARC = YES;
				CLANG_ENABLE_OBJC_WEAK = YES;
				CLANG_WARN_BLOCK_CAPTURE_AUTORELEASING = YES;
				CLANG_WARN_BOOL_CONVERSION = YES;
				CLANG_WARN_COMMA = YES;
				CLANG_WARN_CONSTANT_CONVERSION = YES;
				CLANG_WARN_DEPRECATED_OBJC_IMPLEMENTATIONS = YES;
				CLANG_WARN_DIRECT_OBJC_ISA_USAGE = YES_ERROR;
				CLANG_WARN_DOCUMENTATION_COMMENTS = YES;
				CLANG_WARN_EMPTY_BODY = YES;
				CLANG_WARN_ENUM_CONVERSION = YES;
				CLANG_WARN_INFINITE_RECURSION = YES;
				CLANG_WARN_INT_CONVERSION = YES;
				CLANG_WARN_NON_LITERAL_NULL_CONVERSION = YES;
				CLANG_WARN_OBJC_IMPLICIT_RETAIN_SELF = YES;
				CLANG_WARN_OBJC_LITERAL_CONVERSION = YES;
				CLANG_WARN_OBJC_ROOT_CLASS = YES_ERROR;
				CLANG_WARN_RANGE_LOOP_ANALYSIS = YES;
				CLANG_WARN_STRICT_PROTOTYPES = YES;
				CLANG_WARN_SUSPICIOUS_MOVE = YES;
				CLANG_WARN_UNGUARDED_AVAILABILITY = YES_AGGRESSIVE;
				CLANG_WARN_UNREACHABLE_CODE = YES;
				CLANG_WARN__DUPLICATE_METHOD_MATCH = YES;
				CODE_SIGN_IDENTITY = "iPhone Developer";
				COPY_PHASE_STRIP = NO;
				DEBUG_INFORMATION_FORMAT = "dwarf-with-dsym";
				ENABLE_NS_ASSERTIONS = NO;
				ENABLE_STRICT_OBJC_MSGSEND = YES;
				GCC_C_LANGUAGE_STANDARD = gnu11;
				GCC_NO_COMMON_BLOCKS = YES;
				GCC_WARN_64_TO_32_BIT_CONVERSION = YES;
				GCC_WARN_ABOUT_RETURN_TYPE = YES_ERROR;
				GCC_WARN_UNDECLARED_SELECTOR = YES;
				GCC_WARN_UNINITIALIZED_AUTOS = YES_AGGRESSIVE;
				GCC_WARN_UNUSED_FUNCTION = YES;
				GCC_WARN_UNUSED_VARIABLE = YES;
				IPHONEOS_DEPLOYMENT_TARGET = 11.4;
				MTL_ENABLE_DEBUG_INFO = NO;
				SDKROOT = iphoneos;
				VALIDATE_PRODUCT = YES;
			};
			name = Release;
		};
		B75ECDC6212E79B800D7CCEB /* Debug */ = {
			isa = XCBuildConfiguration;
			buildSettings = {
				ASSETCATALOG_COMPILER_APPICON_NAME = AppIcon;
				CODE_SIGN_STYLE = Automatic;
				DEVELOPMENT_TEAM = 76U7MFBQ83;
				INFOPLIST_FILE = RGPopoverTextView/Info.plist;
				LD_RUNPATH_SEARCH_PATHS = (
					"$(inherited)",
					"@executable_path/Frameworks",
				);
				PRODUCT_BUNDLE_IDENTIFIER = com.smartech.RGPopoverTextView;
				PRODUCT_NAME = "$(TARGET_NAME)";
				TARGETED_DEVICE_FAMILY = "1,2";
			};
			name = Debug;
		};
		B75ECDC7212E79B800D7CCEB /* Release */ = {
			isa = XCBuildConfiguration;
			buildSettings = {
				ASSETCATALOG_COMPILER_APPICON_NAME = AppIcon;
				CODE_SIGN_STYLE = Automatic;
				DEVELOPMENT_TEAM = 76U7MFBQ83;
				INFOPLIST_FILE = RGPopoverTextView/Info.plist;
				LD_RUNPATH_SEARCH_PATHS = (
					"$(inherited)",
					"@executable_path/Frameworks",
				);
				PRODUCT_BUNDLE_IDENTIFIER = com.smartech.RGPopoverTextView;
				PRODUCT_NAME = "$(TARGET_NAME)";
				TARGETED_DEVICE_FAMILY = "1,2";
			};
			name = Release;
		};
/* End XCBuildConfiguration section */

/* Begin XCConfigurationList section */
		B75ECDAA212E79B600D7CCEB /* Build configuration list for PBXProject "RGPopoverTextView" */ = {
			isa = XCConfigurationList;
			buildConfigurations = (
				B75ECDC3212E79B800D7CCEB /* Debug */,
				B75ECDC4212E79B800D7CCEB /* Release */,
			);
			defaultConfigurationIsVisible = 0;
			defaultConfigurationName = Release;
		};
		B75ECDC5212E79B800D7CCEB /* Build configuration list for PBXNativeTarget "RGPopoverTextView" */ = {
			isa = XCConfigurationList;
			buildConfigurations = (
				B75ECDC6212E79B800D7CCEB /* Debug */,
				B75ECDC7212E79B800D7CCEB /* Release */,
			);
			defaultConfigurationIsVisible = 0;
			defaultConfigurationName = Release;
		};
/* End XCConfigurationList section */
	};
	rootObject = B75ECDA7212E79B600D7CCEB /* Project object */;
}
